<?xml version="1.0" encoding="utf-8"?>
<Project ToolsVersion="4.0" xmlns="http://schemas.microsoft.com/developer/msbuild/2003">
  <ItemGroup>
    <Filter Include="Source Files">
      <UniqueIdentifier>{4FC737F1-C7A5-4376-A066-2A32D752A2FF}</UniqueIdentifier>
      <Extensions>cpp;c;cc;cxx;def;odl;idl;hpj;bat;asm;asmx</Extensions>
    </Filter>
    <Filter Include="Header Files">
      <UniqueIdentifier>{93995380-89BD-4b04-88EB-625FBE52EBFB}</UniqueIdentifier>
      <Extensions>h;hh;hpp;hxx;hm;inl;inc;xsd</Extensions>
    </Filter>
    <Filter Include="Resource Files">
      <UniqueIdentifier>{67DA6AB6-F800-4c08-8B7A-83BB121AAD01}</UniqueIdentifier>
      <Extensions>rc;ico;cur;bmp;dlg;rc2;rct;bin;rgs;gif;jpg;jpeg;jpe;resx;tiff;tif;png;wav;mfcribbon-ms</Extensions>
    </Filter>
  </ItemGroup>
  <ItemGroup>
    <Text Include="ReadMe.txt" />
  </ItemGroup>
  <ItemGroup>
    <ClInclude Include="FaceCheck.h">
      <Filter>Header Files</Filter>
    </ClInclude>
    <ClInclude Include="FaceCheckDlg.h">
      <Filter>Header Files</Filter>
    </ClInclude>
    <ClInclude Include="stdafx.h">
      <Filter>Header Files</Filter>
    </ClInclude>
    <ClInclude Include="targetver.h">
      <Filter>Header Files</Filter>
    </ClInclude>
    <ClInclude Include="Resource.h">
      <Filter>Header Files</Filter>
    </ClInclude>
    <ClInclude Include="BitmapButtonPlus.h">
      <Filter>Header Files</Filter>
    </ClInclude>
    <ClInclude Include="LabelTrans.h">
      <Filter>Header Files</Filter>
    </ClInclude>
    <ClInclude Include="DlgMain.h">
      <Filter>Header Files</Filter>
    </ClInclude>
    <ClInclude Include="CustomListView.h">
      <Filter>Header Files</Filter>
    </ClInclude>
    <ClInclude Include="FaceRecogEngine.h">
      <Filter>Header Files</Filter>
    </ClInclude>
    <ClInclude Include="types.h">
      <Filter>Header Files</Filter>
    </ClInclude>
    <ClInclude Include="TrackingFace.h">
      <Filter>Header Files</Filter>
    </ClInclude>
    <ClInclude Include="face_tracker.h">
      <Filter>Header Files</Filter>
    </ClInclude>
    <ClInclude Include="licenseDef.h">
      <Filter>Header Files</Filter>
    </ClInclude>
    <ClInclude Include="FrameProcessor.h">
      <Filter>Header Files</Filter>
    </ClInclude>
    <ClInclude Include="FaceProcessor.h">
      <Filter>Header Files</Filter>
    </ClInclude>
    <ClInclude Include="PersonDB.h">
      <Filter>Header Files</Filter>
    </ClInclude>
    <ClInclude Include="myDef.h">
      <Filter>Header Files</Filter>
    </ClInclude>
    <ClInclude Include="SoundPlayer.h">
      <Filter>Header Files</Filter>
    </ClInclude>
    <ClInclude Include="myGlobal.h">
      <Filter>Header Files</Filter>
    </ClInclude>
    <ClInclude Include="EasySize.h">
      <Filter>Header Files</Filter>
    </ClInclude>
    <ClInclude Include="EmbeddedMySQL.h">
      <Filter>Header Files</Filter>
    </ClInclude>
    <ClInclude Include="ExecutablePathInfo.h">
      <Filter>Header Files</Filter>
    </ClInclude>
    <ClInclude Include="CameraView.h">
      <Filter>Header Files</Filter>
    </ClInclude>
    <ClInclude Include="CameraViewContainer.h">
      <Filter>Header Files</Filter>
    </ClInclude>
    <ClInclude Include="CameraLayout.h">
      <Filter>Header Files</Filter>
    </ClInclude>
    <ClInclude Include="PageOfMonitor.h">
      <Filter>Header Files</Filter>
    </ClInclude>
    <ClInclude Include="CellOfMonitorHistory.h">
      <Filter>Header Files</Filter>
    </ClInclude>
    <ClInclude Include="MonitorHistory.h">
      <Filter>Header Files</Filter>
    </ClInclude>
    <ClInclude Include="ListOfMonitorHistory.h">
      <Filter>Header Files</Filter>
    </ClInclude>
    <ClInclude Include="PageOfPersonManage.h">
      <Filter>Header Files</Filter>
    </ClInclude>
    <ClInclude Include="PageOfPersonHistory.h">
      <Filter>Header Files</Filter>
    </ClInclude>
    <ClInclude Include="PageOfUserManage.h">
      <Filter>Header Files</Filter>
    </ClInclude>
    <ClInclude Include="PageOfUserHistory.h">
      <Filter>Header Files</Filter>
    </ClInclude>
    <ClInclude Include="PageOfSettings.h">
      <Filter>Header Files</Filter>
    </ClInclude>
    <ClInclude Include="CellOfPersonManage.h">
      <Filter>Header Files</Filter>
    </ClInclude>
    <ClInclude Include="ListOfPersonManage.h">
      <Filter>Header Files</Filter>
    </ClInclude>
    <ClInclude Include="PersonManageList.h">
      <Filter>Header Files</Filter>
    </ClInclude>
    <ClInclude Include="PersonInfo.h">
      <Filter>Header Files</Filter>
    </ClInclude>
    <ClInclude Include="CellOfPersonHistory.h">
      <Filter>Header Files</Filter>
    </ClInclude>
    <ClInclude Include="PersonHistoryList.h">
      <Filter>Header Files</Filter>
    </ClInclude>
    <ClInclude Include="ListOfPersonHistory.h">
      <Filter>Header Files</Filter>
    </ClInclude>
    <ClInclude Include="CellOfUserManage.h">
      <Filter>Header Files</Filter>
    </ClInclude>
    <ClInclude Include="ListOfUserManage.h">
      <Filter>Header Files</Filter>
    </ClInclude>
    <ClInclude Include="UserManageList.h">
      <Filter>Header Files</Filter>
    </ClInclude>
    <ClInclude Include="CellOfUserHistory.h">
      <Filter>Header Files</Filter>
    </ClInclude>
    <ClInclude Include="ListOfUserHistory.h">
      <Filter>Header Files</Filter>
    </ClInclude>
    <ClInclude Include="UserHistoryList.h">
      <Filter>Header Files</Filter>
    </ClInclude>
    <ClInclude Include="DlgOfSetServer.h">
      <Filter>Header Files</Filter>
    </ClInclude>
    <ClInclude Include="ShowFace.h">
      <Filter>Header Files</Filter>
    </ClInclude>
    <ClInclude Include="Concentration.h">
      <Filter>Header Files</Filter>
    </ClInclude>
    <ClInclude Include="DlgOfTakePhoto.h">
      <Filter>Header Files</Filter>
    </ClInclude>
    <ClInclude Include="DlgOfWarning.h">
      <Filter>Header Files</Filter>
    </ClInclude>
    <ClInclude Include="UserInfo.h">
      <Filter>Header Files</Filter>
    </ClInclude>
    <ClInclude Include="DlgOfSettings.h">
      <Filter>Header Files</Filter>
    </ClInclude>
  </ItemGroup>
  <ItemGroup>
    <ClCompile Include="FaceCheck.cpp">
      <Filter>Source Files</Filter>
    </ClCompile>
    <ClCompile Include="FaceCheckDlg.cpp">
      <Filter>Source Files</Filter>
    </ClCompile>
    <ClCompile Include="stdafx.cpp">
      <Filter>Source Files</Filter>
    </ClCompile>
    <ClCompile Include="BitmapButtonPlus.cpp">
      <Filter>Source Files</Filter>
    </ClCompile>
    <ClCompile Include="LabelTrans.cpp">
      <Filter>Source Files</Filter>
    </ClCompile>
    <ClCompile Include="DlgMain.cpp">
      <Filter>Source Files</Filter>
    </ClCompile>
    <ClCompile Include="CustomListView.cpp">
      <Filter>Source Files</Filter>
    </ClCompile>
    <ClCompile Include="FaceRecogEngine.cpp">
      <Filter>Source Files</Filter>
    </ClCompile>
    <ClCompile Include="TrackingFace.cpp">
      <Filter>Source Files</Filter>
    </ClCompile>
    <ClCompile Include="FrameProcessor.cpp">
      <Filter>Source Files</Filter>
    </ClCompile>
    <ClCompile Include="FaceProcessor.cpp">
      <Filter>Source Files</Filter>
    </ClCompile>
    <ClCompile Include="PersonDB.cpp">
      <Filter>Source Files</Filter>
    </ClCompile>
    <ClCompile Include="SoundPlayer.cpp">
      <Filter>Source Files</Filter>
    </ClCompile>
    <ClCompile Include="EmbeddedMySQL.cpp">
      <Filter>Source Files</Filter>
    </ClCompile>
    <ClCompile Include="ExecutablePathInfo.cpp">
      <Filter>Source Files</Filter>
    </ClCompile>
    <ClCompile Include="CameraView.cpp">
      <Filter>Source Files</Filter>
    </ClCompile>
    <ClCompile Include="CameraViewContainer.cpp">
      <Filter>Source Files</Filter>
    </ClCompile>
    <ClCompile Include="CameraLayout.cpp">
      <Filter>Source Files</Filter>
    </ClCompile>
    <ClCompile Include="PageOfMonitor.cpp">
      <Filter>Source Files</Filter>
    </ClCompile>
    <ClCompile Include="CellOfMonitorHistory.cpp">
      <Filter>Source Files</Filter>
    </ClCompile>
    <ClCompile Include="MonitorHistory.cpp">
      <Filter>Source Files</Filter>
    </ClCompile>
    <ClCompile Include="ListOfMonitorHistory.cpp">
      <Filter>Source Files</Filter>
    </ClCompile>
    <ClCompile Include="PageOfPersonManage.cpp">
      <Filter>Source Files</Filter>
    </ClCompile>
    <ClCompile Include="PageOfPersonHistory.cpp">
      <Filter>Source Files</Filter>
    </ClCompile>
    <ClCompile Include="PageOfUserManage.cpp">
      <Filter>Source Files</Filter>
    </ClCompile>
    <ClCompile Include="PageOfUserHistory.cpp">
      <Filter>Source Files</Filter>
    </ClCompile>
    <ClCompile Include="PageOfSettings.cpp">
      <Filter>Source Files</Filter>
    </ClCompile>
    <ClCompile Include="CellOfPersonManage.cpp">
      <Filter>Source Files</Filter>
    </ClCompile>
    <ClCompile Include="ListOfPersonManage.cpp">
      <Filter>Source Files</Filter>
    </ClCompile>
    <ClCompile Include="PersonManageList.cpp">
      <Filter>Source Files</Filter>
    </ClCompile>
    <ClCompile Include="PersonInfo.cpp">
      <Filter>Source Files</Filter>
    </ClCompile>
    <ClCompile Include="CellOfPersonHistory.cpp">
      <Filter>Source Files</Filter>
    </ClCompile>
    <ClCompile Include="PersonHistoryList.cpp">
      <Filter>Source Files</Filter>
    </ClCompile>
    <ClCompile Include="ListOfPersonHistory.cpp">
      <Filter>Source Files</Filter>
    </ClCompile>
    <ClCompile Include="CellOfUserManage.cpp">
      <Filter>Source Files</Filter>
    </ClCompile>
    <ClCompile Include="ListOfUserManage.cpp">
      <Filter>Source Files</Filter>
    </ClCompile>
    <ClCompile Include="UserManageList.cpp">
      <Filter>Source Files</Filter>
    </ClCompile>
    <ClCompile Include="CellOfUserHistory.cpp">
      <Filter>Source Files</Filter>
    </ClCompile>
    <ClCompile Include="ListOfUserHistory.cpp">
      <Filter>Source Files</Filter>
    </ClCompile>
    <ClCompile Include="UserHistoryList.cpp">
      <Filter>Source Files</Filter>
    </ClCompile>
    <ClCompile Include="DlgOfSetServer.cpp">
      <Filter>Source Files</Filter>
    </ClCompile>
    <ClCompile Include="ShowFace.cpp">
      <Filter>Source Files</Filter>
    </ClCompile>
    <ClCompile Include="Concentration.cpp">
      <Filter>Source Files</Filter>
    </ClCompile>
    <ClCompile Include="DlgOfTakePhoto.cpp">
      <Filter>Source Files</Filter>
    </ClCompile>
    <ClCompile Include="DlgOfWarning.cpp">
      <Filter>Source Files</Filter>
    </ClCompile>
    <ClCompile Include="UserInfo.cpp">
      <Filter>Source Files</Filter>
    </ClCompile>
    <ClCompile Include="DlgOfSettings.cpp">
      <Filter>Source Files</Filter>
    </ClCompile>
  </ItemGroup>
  <ItemGroup>
    <ResourceCompile Include="FaceCheck.rc">
      <Filter>Resource Files</Filter>
    </ResourceCompile>
  </ItemGroup>
  <ItemGroup>
    <None Include="res\FaceCheck.rc2">
      <Filter>Resource Files</Filter>
    </None>
    <None Include="res\wave1.bin">
      <Filter>Resource Files</Filter>
    </None>
  </ItemGroup>
  <ItemGroup>
    <Image Include="res\FaceCheck.ico">
      <Filter>Resource Files</Filter>
    </Image>
    <Image Include="res\home.bmp">
      <Filter>Resource Files</Filter>
    </Image>
    <Image Include="res\black.bmp">
      <Filter>Resource Files</Filter>
    </Image>
    <Image Include="res\white.bmp">
      <Filter>Resource Files</Filter>
    </Image>
    <Image Include="res\power.bmp">
      <Filter>Resource Files</Filter>
    </Image>
    <Image Include="res\power_hover.bmp">
      <Filter>Resource Files</Filter>
    </Image>
    <Image Include="res\power_down.bmp">
      <Filter>Resource Files</Filter>
    </Image>
    <Image Include="res\title.bmp">
      <Filter>Resource Files</Filter>
    </Image>
    <Image Include="res\login.bmp">
      <Filter>Resource Files</Filter>
    </Image>
    <Image Include="res\login_down.bmp">
      <Filter>Resource Files</Filter>
    </Image>
    <Image Include="res\login_hover.bmp">
      <Filter>Resource Files</Filter>
    </Image>
    <Image Include="res\darkgray.bmp">
      <Filter>Resource Files</Filter>
    </Image>
    <Image Include="res\lightgray.bmp">
      <Filter>Resource Files</Filter>
    </Image>
    <Image Include="res\monitor.bmp">
      <Filter>Resource Files</Filter>
    </Image>
    <Image Include="res\monitor_disabled.bmp">
      <Filter>Resource Files</Filter>
    </Image>
    <Image Include="res\monitor_hover.bmp">
      <Filter>Resource Files</Filter>
    </Image>
    <Image Include="res\personhistory.bmp">
      <Filter>Resource Files</Filter>
    </Image>
    <Image Include="res\personhistory_disabled.bmp">
      <Filter>Resource Files</Filter>
    </Image>
    <Image Include="res\personhistory_hover.bmp">
      <Filter>Resource Files</Filter>
    </Image>
    <Image Include="res\personmanage.bmp">
      <Filter>Resource Files</Filter>
    </Image>
    <Image Include="res\personmanage_disabled.bmp">
      <Filter>Resource Files</Filter>
    </Image>
    <Image Include="res\personmanage_hover.bmp">
      <Filter>Resource Files</Filter>
    </Image>
    <Image Include="res\settings.bmp">
      <Filter>Resource Files</Filter>
    </Image>
    <Image Include="res\settings_disabled.bmp">
      <Filter>Resource Files</Filter>
    </Image>
    <Image Include="res\settings_hover.bmp">
      <Filter>Resource Files</Filter>
    </Image>
    <Image Include="res\userhistory.bmp">
      <Filter>Resource Files</Filter>
    </Image>
    <Image Include="res\userhistory_disabled.bmp">
      <Filter>Resource Files</Filter>
    </Image>
    <Image Include="res\userhistory_hover.bmp">
      <Filter>Resource Files</Filter>
    </Image>
    <Image Include="res\usermanage.bmp">
      <Filter>Resource Files</Filter>
    </Image>
    <Image Include="res\usermanage_disabled.bmp">
      <Filter>Resource Files</Filter>
    </Image>
    <Image Include="res\usermanage_hover.bmp">
      <Filter>Resource Files</Filter>
    </Image>
    <Image Include="res\preferences.bmp">
      <Filter>Resource Files</Filter>
    </Image>
    <Image Include="res\preferences_down.bmp">
      <Filter>Resource Files</Filter>
    </Image>
    <Image Include="res\preferences_hover.bmp">
      <Filter>Resource Files</Filter>
    </Image>
    <Image Include="res\bottom.bmp">
      <Filter>Resource Files</Filter>
    </Image>
    <Image Include="res\bitmap4.bmp">
      <Filter>Resource Files</Filter>
    </Image>
    <Image Include="res\first.bmp">
      <Filter>Resource Files</Filter>
    </Image>
    <Image Include="res\first_hover.bmp">
      <Filter>Resource Files</Filter>
    </Image>
    <Image Include="res\first_disabled.bmp">
      <Filter>Resource Files</Filter>
    </Image>
    <Image Include="res\last.bmp">
      <Filter>Resource Files</Filter>
    </Image>
    <Image Include="res\last_disabled.bmp">
      <Filter>Resource Files</Filter>
    </Image>
    <Image Include="res\last_hover.bmp">
      <Filter>Resource Files</Filter>
    </Image>
    <Image Include="res\next.bmp">
      <Filter>Resource Files</Filter>
    </Image>
    <Image Include="res\next_disabled.bmp">
      <Filter>Resource Files</Filter>
    </Image>
    <Image Include="res\next_hover.bmp">
      <Filter>Resource Files</Filter>
    </Image>
    <Image Include="res\prev.bmp">
      <Filter>Resource Files</Filter>
    </Image>
    <Image Include="res\prev_disabled.bmp">
      <Filter>Resource Files</Filter>
    </Image>
    <Image Include="res\prev_hover.bmp">
      <Filter>Resource Files</Filter>
    </Image>
    <Image Include="res\unregistered.bmp">
      <Filter>Resource Files</Filter>
    </Image>
    <Image Include="res\Add.bmp">
      <Filter>Resource Files</Filter>
    </Image>
    <Image Include="res\Add_down.bmp">
      <Filter>Resource Files</Filter>
    </Image>
    <Image Include="res\Add_hover.bmp">
      <Filter>Resource Files</Filter>
    </Image>
    <Image Include="res\Delete.bmp">
      <Filter>Resource Files</Filter>
    </Image>
    <Image Include="res\Delete_down.bmp">
      <Filter>Resource Files</Filter>
    </Image>
    <Image Include="res\Delete_hover.bmp">
      <Filter>Resource Files</Filter>
    </Image>
    <Image Include="res\Edit.bmp">
      <Filter>Resource Files</Filter>
    </Image>
    <Image Include="res\Edit_down.bmp">
      <Filter>Resource Files</Filter>
    </Image>
    <Image Include="res\Edit_hover.bmp">
      <Filter>Resource Files</Filter>
    </Image>
  </ItemGroup>
  <ItemGroup>
    <Media Include="res\Warning.wav">
      <Filter>Resource Files</Filter>
    </Media>
  </ItemGroup>
</Project>